
Microsoft Visual Studio Solution File, Format Version 12.00
# Visual Studio Version 16
VisualStudioVersion = 16.0.30523.141
MinimumVisualStudioVersion = 10.0.40219.1
Project("{FAE04EC0-301F-11D3-BF4B-00C04F79EFBC}") = "PhoneBook", "PhoneBook.csproj", "{4DC2577B-1148-4EEB-B9E9-BBB38123CEE0}"
EndProject
Global
	GlobalSection(SolutionConfigurationPlatforms) = preSolution
		Debug|Any CPU = Debug|Any CPU
		Release|Any CPU = Release|Any CPU
	EndGlobalSection
	GlobalSection(ProjectConfigurationPlatforms) = postSolution
		{4DC2577B-1148-4EEB-B9E9-BBB38123CEE0}.Debug|Any CPU.ActiveCfg = Debug|Any CPU
		{4DC2577B-1148-4EEB-B9E9-BBB38123CEE0}.Debug|Any CPU.Build.0 = Debug|Any CPU
		{4DC2577B-1148-4EEB-B9E9-BBB38123CEE0}.Release|Any CPU.ActiveCfg = Release|Any CPU
		{4DC2577B-1148-4EEB-B9E9-BBB38123CEE0}.Release|Any CPU.Build.0 = Release|Any CPU
	EndGlobalSection
	GlobalSection(SolutionProperties) = preSolution
		HideSolutionNode = FALSE
	EndGlobalSection
	GlobalSection(ExtensibilityGlobals) = postSolution
		SolutionGuid = {E6F27A33-6D2B-471A-ABA2-EDB06B1BE6C0}
	EndGlobalSection
EndGlobal
